
Microsoft Visual Studio Solution File, Format Version 11.00
# Visual Studio 2010
Project("{FAE04EC0-301F-11D3-BF4B-00C04F79EFBC}") = "OutlookGTDPlugin", "OutlookGTDPlugin\OutlookGTDPlugin.csproj", "{4785EC7D-7137-4CA1-AC8D-EA9B19F3098B}"
EndProject
Global
	GlobalSection(SolutionConfigurationPlatforms) = preSolution
		Debug|Any CPU = Debug|Any CPU
		Release|Any CPU = Release|Any CPU
	EndGlobalSection
	GlobalSection(ProjectConfigurationPlatforms) = postSolution
		{4785EC7D-7137-4CA1-AC8D-EA9B19F3098B}.Debug|Any CPU.ActiveCfg = Debug|Any CPU
		{4785EC7D-7137-4CA1-AC8D-EA9B19F3098B}.Debug|Any CPU.Build.0 = Debug|Any CPU
		{4785EC7D-7137-4CA1-AC8D-EA9B19F3098B}.Release|Any CPU.ActiveCfg = Release|Any CPU
		{4785EC7D-7137-4CA1-AC8D-EA9B19F3098B}.Release|Any CPU.Build.0 = Release|Any CPU
	EndGlobalSection
	GlobalSection(SolutionProperties) = preSolution
		HideSolutionNode = FALSE
	EndGlobalSection
EndGlobal
